schema: '2.0'
stages:
  create-task-find-last-move:
    cmd: python src/entrypoint.py create-task-find-last-move
    deps:
    - path: src/tasks/create_task_find_last_move.py
      hash: md5
      md5: 9a7b3e53ca267eecf69c82f6f65f080c
      size: 1718
    params:
      params.yaml:
        stages.create-task-find-last-move:
          module: tasks.create_task_find_last_move
          params:
            number_of_samples: 500
            path_to_output_dataset: outputs/tasks/findLastMove/
    outs:
    - path: outputs/tasks/findLastMove
      hash: md5
      md5: 3d9428774ff1e2997ccea8d3ff263740.dir
      size: 14104684
      nfiles: 3
  create-task-find-score:
    cmd: python src/entrypoint.py create-task-find-score
    deps:
    - path: src/tasks/create_task_find_score.py
      hash: md5
      md5: 1a98da40d00c7e08d6c1f95b7e5b664d
      size: 1502
    params:
      params.yaml:
        stages.create-task-find-score:
          module: tasks.create_task_find_score
          params:
            number_of_samples: 500
            path_to_output_dataset: outputs/tasks/findScore/
    outs:
    - path: outputs/tasks/findScore
      hash: md5
      md5: 3d9a80104bfbaa753f706a4bae2b2e58.dir
      size: 14104684
      nfiles: 3
  create-task-MLM-on-moves:
    cmd: python src/entrypoint.py create-task-MLM-on-moves
    deps:
    - path: src/tasks/create_task_MLM_on_moves.py
      hash: md5
      md5: 8dbfbe2abeeaf4d774f219e3b3c62177
      size: 2055
    params:
      params.yaml:
        stages.create-task-MLM-on-moves:
          module: tasks.create_task_MLM_on_moves
          params:
            number_of_samples: 500
            path_to_output_dataset: outputs/tasks/MLM/
    outs:
    - path: outputs/tasks/MLM
      hash: md5
      md5: a25f063aa15c6fe4968ea6284c6ca2a1.dir
      size: 14104684
      nfiles: 3
  create-task-find-best-n-worst-move:
    cmd: python src/entrypoint.py create-task-find-best-n-worst-move
    deps:
    - path: src/tasks/create_task_find_best_and_worst_moves.py
      hash: md5
      md5: 5c61c7370accce9c5085953eae739ab7
      size: 2553
    params:
      params.yaml:
        stages.create-task-find-best-n-worst-move:
          module: tasks.create_task_find_best_and_worst_moves
          params:
            number_of_samples: 50
            path_to_output_dataset: outputs/tasks/bestAndWorstMoves/
    outs:
    - path: outputs/tasks/bestAndWorstMoves
      hash: md5
      md5: 3ad4b651d324a38434a105a964e0f07c.dir
      size: 1412228
      nfiles: 3
  create-task-find-who-is-winning:
    cmd: python src/entrypoint.py create-task-find-who-is-winning
    deps:
    - path: src/tasks/create_task_find_who_is_winning.py
      hash: md5
      md5: e80214ee2acbcc92f78ab832c0dd8ee8
      size: 1507
    params:
      params.yaml:
        stages.create-task-find-who-is-winning:
          module: tasks.create_task_find_who_is_winning
          params:
            number_of_samples: 500
            path_to_output_dataset: outputs/tasks/whoIsWinning/
    outs:
    - path: outputs/tasks/whoIsWinning
      hash: md5
      md5: abffb6021631defe7b7d30c97440a0ba.dir
      size: 13739284
      nfiles: 3
  create-task-sort-FENs:
    cmd: python src/entrypoint.py create-task-sort-FENs
    deps:
    - path: src/tasks/create_task_sort_FENs.py
      hash: md5
      md5: 742cd5e0eaccc86a1246043c0dd80bed
      size: 1640
    params:
      params.yaml:
        stages.create-task-sort-FENs:
          module: tasks.create_task_sort_FENs
          params:
            number_of_samples: 500
            path_to_output_dataset: outputs/tasks/sortFENs/
    outs:
    - path: outputs/tasks/sortFENs
      hash: md5
      md5: 5173423a33025305d81458b8ff77bda6.dir
      size: 14105126
      nfiles: 3
  generate-dataset:
    cmd: python src/entrypoint.py generate-dataset
    deps:
    - path: outputs/tasks/MLM
      hash: md5
      md5: 1e0f728b4e007ed386b35c0c85958cbd.dir
      size: 14109580
      nfiles: 5
    - path: outputs/tasks/bestAndWorstMoves
      hash: md5
      md5: d548df6e74b03ad62fffb7bc398499f0.dir
      size: 1413524
      nfiles: 5
    - path: outputs/tasks/findLastMove
      hash: md5
      md5: ff7cefd1ff47fe52954c7350bd01c33b.dir
      size: 14109580
      nfiles: 5
    - path: outputs/tasks/findScore
      hash: md5
      md5: 329ec51fefd7e25247a4145f1a69c5be.dir
      size: 14109580
      nfiles: 5
    - path: outputs/tasks/sortFENs
      hash: md5
      md5: e583edcff6912eafe259e5d5c1de0f3a.dir
      size: 14110022
      nfiles: 5
    - path: outputs/tasks/whoIsWinning
      hash: md5
      md5: 1408739c65a2317dca1db70580888d82.dir
      size: 13744180
      nfiles: 5
    - path: src/data_processing/generate_dataset.py
      hash: md5
      md5: 105b0967edfed3bd5c08169568ab839e
      size: 671
    params:
      params.yaml:
        stages.generate-dataset:
          module: data_processing.generate_dataset
          params:
            paths:
            - outputs/tasks/findLastMove/
            - outputs/tasks/findScore/
            - outputs/tasks/MLM/
            - outputs/tasks/bestAndWorstMoves/
            - outputs/tasks/whoIsWinning/
            - outputs/tasks/sortFENs/
            test_size: 0.05
            path_to_output_dataset: outputs/dataset/
    outs:
    - path: outputs/dataset
      hash: md5
      md5: 9e04747d51bd9bfa4fe963bfedfbfdd8.dir
      size: 71560654
      nfiles: 6
